
Microsoft Visual Studio Solution File, Format Version 12.00
# Visual Studio 15
VisualStudioVersion = 15.0.28010.2036
MinimumVisualStudioVersion = 10.0.40219.1
Project("{FAE04EC0-301F-11D3-BF4B-00C04F79EFBC}") = "DataLayer", "DataLayer\DataLayer.csproj", "{DEC344FF-BF38-4AAB-B3B0-457E40E95F2D}"
EndProject
Project("{FAE04EC0-301F-11D3-BF4B-00C04F79EFBC}") = "BooksService_WebApi", "BooksService_WebApi\BooksService_WebApi.csproj", "{65078735-68E1-4050-A7BA-069FFE2B5C75}"
EndProject
Project("{FAE04EC0-301F-11D3-BF4B-00C04F79EFBC}") = "BooksWpf", "BooksWpf\BooksWpf.csproj", "{D50035C0-0CB2-452F-8F2D-9DA121FAAA30}"
EndProject
Project("{FAE04EC0-301F-11D3-BF4B-00C04F79EFBC}") = "OrchestrationLayer", "OrchestrationLayer\OrchestrationLayer.csproj", "{2FFF71F8-D50F-4AE7-9832-E3CB476FE4B0}"
EndProject
Project("{FAE04EC0-301F-11D3-BF4B-00C04F79EFBC}") = "BooksMvc", "BooksMvc\BooksMvc.csproj", "{590AB68B-4729-4BE9-AB87-939AF2D62979}"
EndProject
Global
	GlobalSection(SolutionConfigurationPlatforms) = preSolution
		Debug|Any CPU = Debug|Any CPU
		Release|Any CPU = Release|Any CPU
	EndGlobalSection
	GlobalSection(ProjectConfigurationPlatforms) = postSolution
		{DEC344FF-BF38-4AAB-B3B0-457E40E95F2D}.Debug|Any CPU.ActiveCfg = Debug|Any CPU
		{DEC344FF-BF38-4AAB-B3B0-457E40E95F2D}.Debug|Any CPU.Build.0 = Debug|Any CPU
		{DEC344FF-BF38-4AAB-B3B0-457E40E95F2D}.Release|Any CPU.ActiveCfg = Release|Any CPU
		{DEC344FF-BF38-4AAB-B3B0-457E40E95F2D}.Release|Any CPU.Build.0 = Release|Any CPU
		{65078735-68E1-4050-A7BA-069FFE2B5C75}.Debug|Any CPU.ActiveCfg = Debug|Any CPU
		{65078735-68E1-4050-A7BA-069FFE2B5C75}.Debug|Any CPU.Build.0 = Debug|Any CPU
		{65078735-68E1-4050-A7BA-069FFE2B5C75}.Release|Any CPU.ActiveCfg = Release|Any CPU
		{65078735-68E1-4050-A7BA-069FFE2B5C75}.Release|Any CPU.Build.0 = Release|Any CPU
		{D50035C0-0CB2-452F-8F2D-9DA121FAAA30}.Debug|Any CPU.ActiveCfg = Debug|Any CPU
		{D50035C0-0CB2-452F-8F2D-9DA121FAAA30}.Debug|Any CPU.Build.0 = Debug|Any CPU
		{D50035C0-0CB2-452F-8F2D-9DA121FAAA30}.Release|Any CPU.ActiveCfg = Release|Any CPU
		{D50035C0-0CB2-452F-8F2D-9DA121FAAA30}.Release|Any CPU.Build.0 = Release|Any CPU
		{2FFF71F8-D50F-4AE7-9832-E3CB476FE4B0}.Debug|Any CPU.ActiveCfg = Debug|Any CPU
		{2FFF71F8-D50F-4AE7-9832-E3CB476FE4B0}.Debug|Any CPU.Build.0 = Debug|Any CPU
		{2FFF71F8-D50F-4AE7-9832-E3CB476FE4B0}.Release|Any CPU.ActiveCfg = Release|Any CPU
		{2FFF71F8-D50F-4AE7-9832-E3CB476FE4B0}.Release|Any CPU.Build.0 = Release|Any CPU
		{590AB68B-4729-4BE9-AB87-939AF2D62979}.Debug|Any CPU.ActiveCfg = Debug|Any CPU
		{590AB68B-4729-4BE9-AB87-939AF2D62979}.Debug|Any CPU.Build.0 = Debug|Any CPU
		{590AB68B-4729-4BE9-AB87-939AF2D62979}.Release|Any CPU.ActiveCfg = Release|Any CPU
		{590AB68B-4729-4BE9-AB87-939AF2D62979}.Release|Any CPU.Build.0 = Release|Any CPU
	EndGlobalSection
	GlobalSection(SolutionProperties) = preSolution
		HideSolutionNode = FALSE
	EndGlobalSection
	GlobalSection(ExtensibilityGlobals) = postSolution
		SolutionGuid = {1463C83D-0B9D-4385-B254-DE020EEFE699}
	EndGlobalSection
EndGlobal
