
Microsoft Visual Studio Solution File, Format Version 12.00
# Visual Studio 15
VisualStudioVersion = 15.0.28010.2036
MinimumVisualStudioVersion = 10.0.40219.1
Project("{FAE04EC0-301F-11D3-BF4B-00C04F79EFBC}") = "Mvc_WebApi", "Mvc_WebApi\Mvc_WebApi.csproj", "{4A1254E7-8D5D-4576-AAB6-3CC0D6104196}"
EndProject
Project("{FAE04EC0-301F-11D3-BF4B-00C04F79EFBC}") = "Mvc_ConsumeWebApiDemo", "Mvc_ConsumeWebApiDemo\Mvc_ConsumeWebApiDemo.csproj", "{6E4DB9E9-8757-489F-A16C-914C39B74E70}"
EndProject
Project("{FAE04EC0-301F-11D3-BF4B-00C04F79EFBC}") = "Mvc_ConsumeWebApi_JQuery", "Mvc_ConsumeWebApi_JQuery\Mvc_ConsumeWebApi_JQuery.csproj", "{C8EAAD05-B052-456C-B85B-BB2CE26E11D5}"
EndProject
Global
	GlobalSection(SolutionConfigurationPlatforms) = preSolution
		Debug|Any CPU = Debug|Any CPU
		Release|Any CPU = Release|Any CPU
	EndGlobalSection
	GlobalSection(ProjectConfigurationPlatforms) = postSolution
		{4A1254E7-8D5D-4576-AAB6-3CC0D6104196}.Debug|Any CPU.ActiveCfg = Debug|Any CPU
		{4A1254E7-8D5D-4576-AAB6-3CC0D6104196}.Debug|Any CPU.Build.0 = Debug|Any CPU
		{4A1254E7-8D5D-4576-AAB6-3CC0D6104196}.Release|Any CPU.ActiveCfg = Release|Any CPU
		{4A1254E7-8D5D-4576-AAB6-3CC0D6104196}.Release|Any CPU.Build.0 = Release|Any CPU
		{6E4DB9E9-8757-489F-A16C-914C39B74E70}.Debug|Any CPU.ActiveCfg = Debug|Any CPU
		{6E4DB9E9-8757-489F-A16C-914C39B74E70}.Debug|Any CPU.Build.0 = Debug|Any CPU
		{6E4DB9E9-8757-489F-A16C-914C39B74E70}.Release|Any CPU.ActiveCfg = Release|Any CPU
		{6E4DB9E9-8757-489F-A16C-914C39B74E70}.Release|Any CPU.Build.0 = Release|Any CPU
		{C8EAAD05-B052-456C-B85B-BB2CE26E11D5}.Debug|Any CPU.ActiveCfg = Debug|Any CPU
		{C8EAAD05-B052-456C-B85B-BB2CE26E11D5}.Debug|Any CPU.Build.0 = Debug|Any CPU
		{C8EAAD05-B052-456C-B85B-BB2CE26E11D5}.Release|Any CPU.ActiveCfg = Release|Any CPU
		{C8EAAD05-B052-456C-B85B-BB2CE26E11D5}.Release|Any CPU.Build.0 = Release|Any CPU
	EndGlobalSection
	GlobalSection(SolutionProperties) = preSolution
		HideSolutionNode = FALSE
	EndGlobalSection
	GlobalSection(ExtensibilityGlobals) = postSolution
		SolutionGuid = {3AEE8A3F-5931-4CEB-A5C5-328E2DB3DC6F}
	EndGlobalSection
EndGlobal
